// !$*UTF8*$!
{
	archiveVersion = 1;
	classes = {
	};
	objectVersion = 46;
	objects = {

/* Begin PBXBuildFile section */
		2E2B894518D4CEE3006AD6C1 /* Dreams - Fleetwood Mac (Psychemagik Remix).mp3 in Resources */ = {isa = PBXBuildFile; fileRef = 2E2B894418D4CEE3006AD6C1 /* Dreams - Fleetwood Mac (Psychemagik Remix).mp3 */; };
		2E7A7AC818D35E18001892AA /* Foundation.framework in Frameworks */ = {isa = PBXBuildFile; fileRef = 2E7A7AC718D35E18001892AA /* Foundation.framework */; };
		2E7A7ACA18D35E18001892AA /* CoreGraphics.framework in Frameworks */ = {isa = PBXBuildFile; fileRef = 2E7A7AC918D35E18001892AA /* CoreGraphics.framework */; };
		2E7A7ACC18D35E18001892AA /* UIKit.framework in Frameworks */ = {isa = PBXBuildFile; fileRef = 2E7A7ACB18D35E18001892AA /* UIKit.framework */; };
		2E7A7AD218D35E18001892AA /* InfoPlist.strings in Resources */ = {isa = PBXBuildFile; fileRef = 2E7A7AD018D35E18001892AA /* InfoPlist.strings */; };
		2E7A7AD418D35E18001892AA /* main.m in Sources */ = {isa = PBXBuildFile; fileRef = 2E7A7AD318D35E18001892AA /* main.m */; };
		2E7A7AD818D35E18001892AA /* FISAppDelegate.m in Sources */ = {isa = PBXBuildFile; fileRef = 2E7A7AD718D35E18001892AA /* FISAppDelegate.m */; };
		2E7A7ADB18D35E18001892AA /* Main.storyboard in Resources */ = {isa = PBXBuildFile; fileRef = 2E7A7AD918D35E18001892AA /* Main.storyboard */; };
		2E7A7AE018D35E18001892AA /* Images.xcassets in Resources */ = {isa = PBXBuildFile; fileRef = 2E7A7ADF18D35E18001892AA /* Images.xcassets */; };
		2E7A7AE718D35E18001892AA /* XCTest.framework in Frameworks */ = {isa = PBXBuildFile; fileRef = 2E7A7AE618D35E18001892AA /* XCTest.framework */; };
		2E7A7AE818D35E18001892AA /* Foundation.framework in Frameworks */ = {isa = PBXBuildFile; fileRef = 2E7A7AC718D35E18001892AA /* Foundation.framework */; };
		2E7A7AE918D35E18001892AA /* UIKit.framework in Frameworks */ = {isa = PBXBuildFile; fileRef = 2E7A7ACB18D35E18001892AA /* UIKit.framework */; };
		2E7A7AF118D35E18001892AA /* InfoPlist.strings in Resources */ = {isa = PBXBuildFile; fileRef = 2E7A7AEF18D35E18001892AA /* InfoPlist.strings */; };
		2E7A7AF318D35E18001892AA /* musicVisualizedV_2Tests.m in Sources */ = {isa = PBXBuildFile; fileRef = 2E7A7AF218D35E18001892AA /* musicVisualizedV_2Tests.m */; };
		2E7A7AFF18D35E53001892AA /* MeterTable.cpp in Sources */ = {isa = PBXBuildFile; fileRef = 2E7A7AFD18D35E53001892AA /* MeterTable.cpp */; };
		2E7A7B0218D35EB9001892AA /* FISVisualizerView.mm in Sources */ = {isa = PBXBuildFile; fileRef = 2E7A7B0118D35EB9001892AA /* FISVisualizerView.mm */; };
		2E7A7B0618D35F72001892AA /* Default.png in Resources */ = {isa = PBXBuildFile; fileRef = 2E7A7B0318D35F72001892AA /* Default.png */; };
		2E7A7B0718D35F72001892AA /* Default@2x.png in Resources */ = {isa = PBXBuildFile; fileRef = 2E7A7B0418D35F72001892AA /* Default@2x.png */; };
		2E7A7B0818D35F72001892AA /* Default-568h@2x.png in Resources */ = {isa = PBXBuildFile; fileRef = 2E7A7B0518D35F72001892AA /* Default-568h@2x.png */; };
		2E7A7B0A18D35F84001892AA /* MediaPlayer.framework in Frameworks */ = {isa = PBXBuildFile; fileRef = 2E7A7B0918D35F83001892AA /* MediaPlayer.framework */; };
		2E7A7B0C18D35F8E001892AA /* QuartzCore.framework in Frameworks */ = {isa = PBXBuildFile; fileRef = 2E7A7B0B18D35F8E001892AA /* QuartzCore.framework */; };
		2E7A7B0E18D35F97001892AA /* AVFoundation.framework in Frameworks */ = {isa = PBXBuildFile; fileRef = 2E7A7B0D18D35F97001892AA /* AVFoundation.framework */; };
		2E7A7B1718D364F6001892AA /* waterclear256.png in Resources */ = {isa = PBXBuildFile; fileRef = 2E7A7B1618D364F6001892AA /* waterclear256.png */; };
		2E7A7B1818D37C1A001892AA /* ViewController.m in Sources */ = {isa = PBXBuildFile; fileRef = 2E7A7ADD18D35E18001892AA /* ViewController.m */; };
		2E7A7BB218D39371001892AA /* NSData+Base64.m in Sources */ = {isa = PBXBuildFile; fileRef = 2E7A7BAF18D39371001892AA /* NSData+Base64.m */; };
		2E7A7BB318D39371001892AA /* UIEffectDesignerView.m in Sources */ = {isa = PBXBuildFile; fileRef = 2E7A7BB118D39371001892AA /* UIEffectDesignerView.m */; };
		2E7A7BB518D393D8001892AA /* emitter.ped in Resources */ = {isa = PBXBuildFile; fileRef = 2E7A7BB418D393D8001892AA /* emitter.ped */; };
		2E7A7BB718D39C52001892AA /* spark.png in Resources */ = {isa = PBXBuildFile; fileRef = 2E7A7BB618D39C52001892AA /* spark.png */; };
		2E7A7BBD18D3A1AE001892AA /* Flare.png in Resources */ = {isa = PBXBuildFile; fileRef = 2E7A7BBC18D3A1AE001892AA /* Flare.png */; };
		2E7F49501901C84C00CC3A32 /* IPhoneViewController.m in Sources */ = {isa = PBXBuildFile; fileRef = 2E7F494F1901C84C00CC3A32 /* IPhoneViewController.m */; };
		2E7F49531901C85E00CC3A32 /* AirplayViewController.m in Sources */ = {isa = PBXBuildFile; fileRef = 2E7F49521901C85E00CC3A32 /* AirplayViewController.m */; };
		2E7F499C1905A55000CC3A32 /* DataStore.m in Sources */ = {isa = PBXBuildFile; fileRef = 2E7F499B1905A55000CC3A32 /* DataStore.m */; };
/* End PBXBuildFile section */

/* Begin PBXContainerItemProxy section */
		2E7A7AEA18D35E18001892AA /* PBXContainerItemProxy */ = {
			isa = PBXContainerItemProxy;
			containerPortal = 2E7A7ABC18D35E18001892AA /* Project object */;
			proxyType = 1;
			remoteGlobalIDString = 2E7A7AC318D35E18001892AA;
			remoteInfo = musicVisualizedV.2;
		};
/* End PBXContainerItemProxy section */

/* Begin PBXFileReference section */
		2E2B894418D4CEE3006AD6C1 /* Dreams - Fleetwood Mac (Psychemagik Remix).mp3 */ = {isa = PBXFileReference; lastKnownFileType = audio.mp3; path = "Dreams - Fleetwood Mac (Psychemagik Remix).mp3"; sourceTree = "<group>"; };
		2E7A7AC418D35E18001892AA /* musicVisualizedV.2.app */ = {isa = PBXFileReference; explicitFileType = wrapper.application; includeInIndex = 0; path = musicVisualizedV.2.app; sourceTree = BUILT_PRODUCTS_DIR; };
		2E7A7AC718D35E18001892AA /* Foundation.framework */ = {isa = PBXFileReference; lastKnownFileType = wrapper.framework; name = Foundation.framework; path = System/Library/Frameworks/Foundation.framework; sourceTree = SDKROOT; };
		2E7A7AC918D35E18001892AA /* CoreGraphics.framework */ = {isa = PBXFileReference; lastKnownFileType = wrapper.framework; name = CoreGraphics.framework; path = System/Library/Frameworks/CoreGraphics.framework; sourceTree = SDKROOT; };
		2E7A7ACB18D35E18001892AA /* UIKit.framework */ = {isa = PBXFileReference; lastKnownFileType = wrapper.framework; name = UIKit.framework; path = System/Library/Frameworks/UIKit.framework; sourceTree = SDKROOT; };
		2E7A7ACF18D35E18001892AA /* musicVisualizedV.2-Info.plist */ = {isa = PBXFileReference; lastKnownFileType = text.plist.xml; path = "musicVisualizedV.2-Info.plist"; sourceTree = "<group>"; };
		2E7A7AD118D35E18001892AA /* en */ = {isa = PBXFileReference; lastKnownFileType = text.plist.strings; name = en; path = en.lproj/InfoPlist.strings; sourceTree = "<group>"; };
		2E7A7AD318D35E18001892AA /* main.m */ = {isa = PBXFileReference; lastKnownFileType = sourcecode.c.objc; path = main.m; sourceTree = "<group>"; };
		2E7A7AD518D35E18001892AA /* musicVisualizedV.2-Prefix.pch */ = {isa = PBXFileReference; lastKnownFileType = sourcecode.c.h; path = "musicVisualizedV.2-Prefix.pch"; sourceTree = "<group>"; };
		2E7A7AD618D35E18001892AA /* FISAppDelegate.h */ = {isa = PBXFileReference; lastKnownFileType = sourcecode.c.h; path = FISAppDelegate.h; sourceTree = "<group>"; };
		2E7A7AD718D35E18001892AA /* FISAppDelegate.m */ = {isa = PBXFileReference; lastKnownFileType = sourcecode.c.objc; path = FISAppDelegate.m; sourceTree = "<group>"; };
		2E7A7ADA18D35E18001892AA /* Base */ = {isa = PBXFileReference; lastKnownFileType = file.storyboard; name = Base; path = Base.lproj/Main.storyboard; sourceTree = "<group>"; };
		2E7A7ADC18D35E18001892AA /* ViewController.h */ = {isa = PBXFileReference; lastKnownFileType = sourcecode.c.h; path = ViewController.h; sourceTree = "<group>"; };
		2E7A7ADD18D35E18001892AA /* ViewController.m */ = {isa = PBXFileReference; lastKnownFileType = sourcecode.c.objc; path = ViewController.m; sourceTree = "<group>"; };
		2E7A7ADF18D35E18001892AA /* Images.xcassets */ = {isa = PBXFileReference; lastKnownFileType = folder.assetcatalog; path = Images.xcassets; sourceTree = "<group>"; };
		2E7A7AE518D35E18001892AA /* musicVisualizedV.2Tests.xctest */ = {isa = PBXFileReference; explicitFileType = wrapper.cfbundle; includeInIndex = 0; path = musicVisualizedV.2Tests.xctest; sourceTree = BUILT_PRODUCTS_DIR; };
		2E7A7AE618D35E18001892AA /* XCTest.framework */ = {isa = PBXFileReference; lastKnownFileType = wrapper.framework; name = XCTest.framework; path = Library/Frameworks/XCTest.framework; sourceTree = DEVELOPER_DIR; };
		2E7A7AEE18D35E18001892AA /* musicVisualizedV.2Tests-Info.plist */ = {isa = PBXFileReference; lastKnownFileType = text.plist.xml; path = "musicVisualizedV.2Tests-Info.plist"; sourceTree = "<group>"; };
		2E7A7AF018D35E18001892AA /* en */ = {isa = PBXFileReference; lastKnownFileType = text.plist.strings; name = en; path = en.lproj/InfoPlist.strings; sourceTree = "<group>"; };
		2E7A7AF218D35E18001892AA /* musicVisualizedV_2Tests.m */ = {isa = PBXFileReference; lastKnownFileType = sourcecode.c.objc; path = musicVisualizedV_2Tests.m; sourceTree = "<group>"; };
		2E7A7AFD18D35E53001892AA /* MeterTable.cpp */ = {isa = PBXFileReference; fileEncoding = 4; lastKnownFileType = sourcecode.cpp.cpp; path = MeterTable.cpp; sourceTree = "<group>"; };
		2E7A7AFE18D35E53001892AA /* MeterTable.h */ = {isa = PBXFileReference; fileEncoding = 4; lastKnownFileType = sourcecode.c.h; path = MeterTable.h; sourceTree = "<group>"; };
		2E7A7B0018D35EB9001892AA /* FISVisualizerView.h */ = {isa = PBXFileReference; fileEncoding = 4; lastKnownFileType = sourcecode.c.h; path = FISVisualizerView.h; sourceTree = "<group>"; };
		2E7A7B0118D35EB9001892AA /* FISVisualizerView.mm */ = {isa = PBXFileReference; fileEncoding = 4; lastKnownFileType = sourcecode.cpp.objcpp; path = FISVisualizerView.mm; sourceTree = "<group>"; };
		2E7A7B0318D35F72001892AA /* Default.png */ = {isa = PBXFileReference; lastKnownFileType = image.png; path = Default.png; sourceTree = "<group>"; };
		2E7A7B0418D35F72001892AA /* Default@2x.png */ = {isa = PBXFileReference; lastKnownFileType = image.png; path = "Default@2x.png"; sourceTree = "<group>"; };
		2E7A7B0518D35F72001892AA /* Default-568h@2x.png */ = {isa = PBXFileReference; lastKnownFileType = image.png; path = "Default-568h@2x.png"; sourceTree = "<group>"; };
		2E7A7B0918D35F83001892AA /* MediaPlayer.framework */ = {isa = PBXFileReference; lastKnownFileType = wrapper.framework; name = MediaPlayer.framework; path = System/Library/Frameworks/MediaPlayer.framework; sourceTree = SDKROOT; };
		2E7A7B0B18D35F8E001892AA /* QuartzCore.framework */ = {isa = PBXFileReference; lastKnownFileType = wrapper.framework; name = QuartzCore.framework; path = System/Library/Frameworks/QuartzCore.framework; sourceTree = SDKROOT; };
		2E7A7B0D18D35F97001892AA /* AVFoundation.framework */ = {isa = PBXFileReference; lastKnownFileType = wrapper.framework; name = AVFoundation.framework; path = System/Library/Frameworks/AVFoundation.framework; sourceTree = SDKROOT; };
		2E7A7B1618D364F6001892AA /* waterclear256.png */ = {isa = PBXFileReference; lastKnownFileType = image.png; path = waterclear256.png; sourceTree = "<group>"; };
		2E7A7BAE18D39371001892AA /* NSData+Base64.h */ = {isa = PBXFileReference; fileEncoding = 4; lastKnownFileType = sourcecode.c.h; path = "NSData+Base64.h"; sourceTree = "<group>"; };
		2E7A7BAF18D39371001892AA /* NSData+Base64.m */ = {isa = PBXFileReference; fileEncoding = 4; lastKnownFileType = sourcecode.c.objc; path = "NSData+Base64.m"; sourceTree = "<group>"; };
		2E7A7BB018D39371001892AA /* UIEffectDesignerView.h */ = {isa = PBXFileReference; fileEncoding = 4; lastKnownFileType = sourcecode.c.h; path = UIEffectDesignerView.h; sourceTree = "<group>"; };
		2E7A7BB118D39371001892AA /* UIEffectDesignerView.m */ = {isa = PBXFileReference; fileEncoding = 4; lastKnownFileType = sourcecode.c.objc; path = UIEffectDesignerView.m; sourceTree = "<group>"; };
		2E7A7BB418D393D8001892AA /* emitter.ped */ = {isa = PBXFileReference; fileEncoding = 4; lastKnownFileType = text; path = emitter.ped; sourceTree = "<group>"; };
		2E7A7BB618D39C52001892AA /* spark.png */ = {isa = PBXFileReference; lastKnownFileType = image.png; path = spark.png; sourceTree = "<group>"; };
		2E7A7BBC18D3A1AE001892AA /* Flare.png */ = {isa = PBXFileReference; lastKnownFileType = image.png; path = Flare.png; sourceTree = "<group>"; };
		2E7F494E1901C84C00CC3A32 /* IPhoneViewController.h */ = {isa = PBXFileReference; fileEncoding = 4; lastKnownFileType = sourcecode.c.h; path = IPhoneViewController.h; sourceTree = "<group>"; };
		2E7F494F1901C84C00CC3A32 /* IPhoneViewController.m */ = {isa = PBXFileReference; fileEncoding = 4; lastKnownFileType = sourcecode.c.objc; path = IPhoneViewController.m; sourceTree = "<group>"; };
		2E7F49511901C85E00CC3A32 /* AirplayViewController.h */ = {isa = PBXFileReference; fileEncoding = 4; lastKnownFileType = sourcecode.c.h; path = AirplayViewController.h; sourceTree = "<group>"; };
		2E7F49521901C85E00CC3A32 /* AirplayViewController.m */ = {isa = PBXFileReference; fileEncoding = 4; lastKnownFileType = sourcecode.c.objc; path = AirplayViewController.m; sourceTree = "<group>"; };
		2E7F499A1905A55000CC3A32 /* DataStore.h */ = {isa = PBXFileReference; fileEncoding = 4; lastKnownFileType = sourcecode.c.h; path = DataStore.h; sourceTree = "<group>"; };
		2E7F499B1905A55000CC3A32 /* DataStore.m */ = {isa = PBXFileReference; fileEncoding = 4; lastKnownFileType = sourcecode.c.objc; path = DataStore.m; sourceTree = "<group>"; };
/* End PBXFileReference section */

/* Begin PBXFrameworksBuildPhase section */
		2E7A7AC118D35E18001892AA /* Frameworks */ = {
			isa = PBXFrameworksBuildPhase;
			buildActionMask = 2147483647;
			files = (
				2E7A7B0E18D35F97001892AA /* AVFoundation.framework in Frameworks */,
				2E7A7B0C18D35F8E001892AA /* QuartzCore.framework in Frameworks */,
				2E7A7B0A18D35F84001892AA /* MediaPlayer.framework in Frameworks */,
				2E7A7ACA18D35E18001892AA /* CoreGraphics.framework in Frameworks */,
				2E7A7ACC18D35E18001892AA /* UIKit.framework in Frameworks */,
				2E7A7AC818D35E18001892AA /* Foundation.framework in Frameworks */,
			);
			runOnlyForDeploymentPostprocessing = 0;
		};
		2E7A7AE218D35E18001892AA /* Frameworks */ = {
			isa = PBXFrameworksBuildPhase;
			buildActionMask = 2147483647;
			files = (
				2E7A7AE718D35E18001892AA /* XCTest.framework in Frameworks */,
				2E7A7AE918D35E18001892AA /* UIKit.framework in Frameworks */,
				2E7A7AE818D35E18001892AA /* Foundation.framework in Frameworks */,
			);
			runOnlyForDeploymentPostprocessing = 0;
		};
/* End PBXFrameworksBuildPhase section */

/* Begin PBXGroup section */
		2E7A7ABB18D35E18001892AA = {
			isa = PBXGroup;
			children = (
				2E7A7BAD18D39371001892AA /* UIEffectDesignerView */,
				2E7A7ACD18D35E18001892AA /* musicVisualizedV.2 */,
				2E7A7B0F18D35FBE001892AA /* Resources (songs and png's) */,
				2E7A7AEC18D35E18001892AA /* musicVisualizedV.2Tests */,
				2E7A7AC618D35E18001892AA /* Frameworks */,
				2E7A7AC518D35E18001892AA /* Products */,
			);
			sourceTree = "<group>";
		};
		2E7A7AC518D35E18001892AA /* Products */ = {
			isa = PBXGroup;
			children = (
				2E7A7AC418D35E18001892AA /* musicVisualizedV.2.app */,
				2E7A7AE518D35E18001892AA /* musicVisualizedV.2Tests.xctest */,
			);
			name = Products;
			sourceTree = "<group>";
		};
		2E7A7AC618D35E18001892AA /* Frameworks */ = {
			isa = PBXGroup;
			children = (
				2E7A7B0D18D35F97001892AA /* AVFoundation.framework */,
				2E7A7B0B18D35F8E001892AA /* QuartzCore.framework */,
				2E7A7B0918D35F83001892AA /* MediaPlayer.framework */,
				2E7A7AC718D35E18001892AA /* Foundation.framework */,
				2E7A7AC918D35E18001892AA /* CoreGraphics.framework */,
				2E7A7ACB18D35E18001892AA /* UIKit.framework */,
				2E7A7AE618D35E18001892AA /* XCTest.framework */,
			);
			name = Frameworks;
			sourceTree = "<group>";
		};
		2E7A7ACD18D35E18001892AA /* musicVisualizedV.2 */ = {
			isa = PBXGroup;
			children = (
				2E7A7AD618D35E18001892AA /* FISAppDelegate.h */,
				2E7A7AD718D35E18001892AA /* FISAppDelegate.m */,
				2E7A7B1118D35FF0001892AA /* Controllers */,
				2E7A7AFC18D35E29001892AA /* MeterTable */,
				2E7A7B1018D35FE2001892AA /* Models */,
				2E7A7AD918D35E18001892AA /* Main.storyboard */,
				2E7A7ADF18D35E18001892AA /* Images.xcassets */,
				2E7A7ACE18D35E18001892AA /* Supporting Files */,
			);
			path = musicVisualizedV.2;
			sourceTree = "<group>";
		};
		2E7A7ACE18D35E18001892AA /* Supporting Files */ = {
			isa = PBXGroup;
			children = (
				2E7A7B0318D35F72001892AA /* Default.png */,
				2E7A7B0418D35F72001892AA /* Default@2x.png */,
				2E7A7B0518D35F72001892AA /* Default-568h@2x.png */,
				2E7A7ACF18D35E18001892AA /* musicVisualizedV.2-Info.plist */,
				2E7A7AD018D35E18001892AA /* InfoPlist.strings */,
				2E7A7AD318D35E18001892AA /* main.m */,
				2E7A7AD518D35E18001892AA /* musicVisualizedV.2-Prefix.pch */,
			);
			name = "Supporting Files";
			sourceTree = "<group>";
		};
		2E7A7AEC18D35E18001892AA /* musicVisualizedV.2Tests */ = {
			isa = PBXGroup;
			children = (
				2E7A7AF218D35E18001892AA /* musicVisualizedV_2Tests.m */,
				2E7A7AED18D35E18001892AA /* Supporting Files */,
			);
			path = musicVisualizedV.2Tests;
			sourceTree = "<group>";
		};
		2E7A7AED18D35E18001892AA /* Supporting Files */ = {
			isa = PBXGroup;
			children = (
				2E7A7AEE18D35E18001892AA /* musicVisualizedV.2Tests-Info.plist */,
				2E7A7AEF18D35E18001892AA /* InfoPlist.strings */,
			);
			name = "Supporting Files";
			sourceTree = "<group>";
		};
		2E7A7AFC18D35E29001892AA /* MeterTable */ = {
			isa = PBXGroup;
			children = (
				2E7A7AFD18D35E53001892AA /* MeterTable.cpp */,
				2E7A7AFE18D35E53001892AA /* MeterTable.h */,
			);
			name = MeterTable;
			path = ..;
			sourceTree = "<group>";
		};
		2E7A7B0F18D35FBE001892AA /* Resources (songs and png's) */ = {
			isa = PBXGroup;
			children = (
				2E2B894418D4CEE3006AD6C1 /* Dreams - Fleetwood Mac (Psychemagik Remix).mp3 */,
				2E7A7BBC18D3A1AE001892AA /* Flare.png */,
				2E7A7BB618D39C52001892AA /* spark.png */,
				2E7A7BB418D393D8001892AA /* emitter.ped */,
				2E7A7B1618D364F6001892AA /* waterclear256.png */,
			);
			name = "Resources (songs and png's)";
			sourceTree = "<group>";
		};
		2E7A7B1018D35FE2001892AA /* Models */ = {
			isa = PBXGroup;
			children = (
				2E7F499A1905A55000CC3A32 /* DataStore.h */,
				2E7F499B1905A55000CC3A32 /* DataStore.m */,
			);
			name = Models;
			sourceTree = "<group>";
		};
		2E7A7B1118D35FF0001892AA /* Controllers */ = {
			isa = PBXGroup;
			children = (
				2E7A7ADC18D35E18001892AA /* ViewController.h */,
				2E7A7ADD18D35E18001892AA /* ViewController.m */,
				2E7F494E1901C84C00CC3A32 /* IPhoneViewController.h */,
				2E7F494F1901C84C00CC3A32 /* IPhoneViewController.m */,
				2E7F49511901C85E00CC3A32 /* AirplayViewController.h */,
				2E7F49521901C85E00CC3A32 /* AirplayViewController.m */,
				2E7A7B0018D35EB9001892AA /* FISVisualizerView.h */,
				2E7A7B0118D35EB9001892AA /* FISVisualizerView.mm */,
			);
			name = Controllers;
			sourceTree = "<group>";
		};
		2E7A7BAD18D39371001892AA /* UIEffectDesignerView */ = {
			isa = PBXGroup;
			children = (
				2E7A7BAE18D39371001892AA /* NSData+Base64.h */,
				2E7A7BAF18D39371001892AA /* NSData+Base64.m */,
				2E7A7BB018D39371001892AA /* UIEffectDesignerView.h */,
				2E7A7BB118D39371001892AA /* UIEffectDesignerView.m */,
			);
			path = UIEffectDesignerView;
			sourceTree = "<group>";
		};
/* End PBXGroup section */

/* Begin PBXNativeTarget section */
		2E7A7AC318D35E18001892AA /* musicVisualizedV.2 */ = {
			isa = PBXNativeTarget;
			buildConfigurationList = 2E7A7AF618D35E18001892AA /* Build configuration list for PBXNativeTarget "musicVisualizedV.2" */;
			buildPhases = (
				2E7A7AC018D35E18001892AA /* Sources */,
				2E7A7AC118D35E18001892AA /* Frameworks */,
				2E7A7AC218D35E18001892AA /* Resources */,
			);
			buildRules = (
			);
			dependencies = (
			);
			name = musicVisualizedV.2;
			productName = musicVisualizedV.2;
			productReference = 2E7A7AC418D35E18001892AA /* musicVisualizedV.2.app */;
			productType = "com.apple.product-type.application";
		};
		2E7A7AE418D35E18001892AA /* musicVisualizedV.2Tests */ = {
			isa = PBXNativeTarget;
			buildConfigurationList = 2E7A7AF918D35E18001892AA /* Build configuration list for PBXNativeTarget "musicVisualizedV.2Tests" */;
			buildPhases = (
				2E7A7AE118D35E18001892AA /* Sources */,
				2E7A7AE218D35E18001892AA /* Frameworks */,
				2E7A7AE318D35E18001892AA /* Resources */,
			);
			buildRules = (
			);
			dependencies = (
				2E7A7AEB18D35E18001892AA /* PBXTargetDependency */,
			);
			name = musicVisualizedV.2Tests;
			productName = musicVisualizedV.2Tests;
			productReference = 2E7A7AE518D35E18001892AA /* musicVisualizedV.2Tests.xctest */;
			productType = "com.apple.product-type.bundle.unit-test";
		};
/* End PBXNativeTarget section */

/* Begin PBXProject section */
		2E7A7ABC18D35E18001892AA /* Project object */ = {
			isa = PBXProject;
			attributes = {
				CLASSPREFIX = FIS;
				LastUpgradeCheck = 0510;
				ORGANIZATIONNAME = "Eugene Watson";
				TargetAttributes = {
					2E7A7AE418D35E18001892AA = {
						TestTargetID = 2E7A7AC318D35E18001892AA;
					};
				};
			};
			buildConfigurationList = 2E7A7ABF18D35E18001892AA /* Build configuration list for PBXProject "musicVisualizedV.2" */;
			compatibilityVersion = "Xcode 3.2";
			developmentRegion = English;
			hasScannedForEncodings = 0;
			knownRegions = (
				en,
				Base,
			);
			mainGroup = 2E7A7ABB18D35E18001892AA;
			productRefGroup = 2E7A7AC518D35E18001892AA /* Products */;
			projectDirPath = "";
			projectRoot = "";
			targets = (
				2E7A7AC318D35E18001892AA /* musicVisualizedV.2 */,
				2E7A7AE418D35E18001892AA /* musicVisualizedV.2Tests */,
			);
		};
/* End PBXProject section */

/* Begin PBXResourcesBuildPhase section */
		2E7A7AC218D35E18001892AA /* Resources */ = {
			isa = PBXResourcesBuildPhase;
			buildActionMask = 2147483647;
			files = (
				2E7A7AE018D35E18001892AA /* Images.xcassets in Resources */,
				2E7A7BB718D39C52001892AA /* spark.png in Resources */,
				2E7A7AD218D35E18001892AA /* InfoPlist.strings in Resources */,
				2E7A7B0718D35F72001892AA /* Default@2x.png in Resources */,
				2E7A7B1718D364F6001892AA /* waterclear256.png in Resources */,
				2E7A7BB518D393D8001892AA /* emitter.ped in Resources */,
				2E7A7BBD18D3A1AE001892AA /* Flare.png in Resources */,
				2E2B894518D4CEE3006AD6C1 /* Dreams - Fleetwood Mac (Psychemagik Remix).mp3 in Resources */,
				2E7A7ADB18D35E18001892AA /* Main.storyboard in Resources */,
				2E7A7B0618D35F72001892AA /* Default.png in Resources */,
				2E7A7B0818D35F72001892AA /* Default-568h@2x.png in Resources */,
			);
			runOnlyForDeploymentPostprocessing = 0;
		};
		2E7A7AE318D35E18001892AA /* Resources */ = {
			isa = PBXResourcesBuildPhase;
			buildActionMask = 2147483647;
			files = (
				2E7A7AF118D35E18001892AA /* InfoPlist.strings in Resources */,
			);
			runOnlyForDeploymentPostprocessing = 0;
		};
/* End PBXResourcesBuildPhase section */

/* Begin PBXSourcesBuildPhase section */
		2E7A7AC018D35E18001892AA /* Sources */ = {
			isa = PBXSourcesBuildPhase;
			buildActionMask = 2147483647;
			files = (
				2E7A7AFF18D35E53001892AA /* MeterTable.cpp in Sources */,
				2E7F49531901C85E00CC3A32 /* AirplayViewController.m in Sources */,
				2E7A7BB318D39371001892AA /* UIEffectDesignerView.m in Sources */,
				2E7A7AD418D35E18001892AA /* main.m in Sources */,
				2E7F49501901C84C00CC3A32 /* IPhoneViewController.m in Sources */,
				2E7F499C1905A55000CC3A32 /* DataStore.m in Sources */,
				2E7A7AD818D35E18001892AA /* FISAppDelegate.m in Sources */,
				2E7A7B0218D35EB9001892AA /* FISVisualizerView.mm in Sources */,
				2E7A7B1818D37C1A001892AA /* ViewController.m in Sources */,
				2E7A7BB218D39371001892AA /* NSData+Base64.m in Sources */,
			);
			runOnlyForDeploymentPostprocessing = 0;
		};
		2E7A7AE118D35E18001892AA /* Sources */ = {
			isa = PBXSourcesBuildPhase;
			buildActionMask = 2147483647;
			files = (
				2E7A7AF318D35E18001892AA /* musicVisualizedV_2Tests.m in Sources */,
			);
			runOnlyForDeploymentPostprocessing = 0;
		};
/* End PBXSourcesBuildPhase section */

/* Begin PBXTargetDependency section */
		2E7A7AEB18D35E18001892AA /* PBXTargetDependency */ = {
			isa = PBXTargetDependency;
			target = 2E7A7AC318D35E18001892AA /* musicVisualizedV.2 */;
			targetProxy = 2E7A7AEA18D35E18001892AA /* PBXContainerItemProxy */;
		};
/* End PBXTargetDependency section */

/* Begin PBXVariantGroup section */
		2E7A7AD018D35E18001892AA /* InfoPlist.strings */ = {
			isa = PBXVariantGroup;
			children = (
				2E7A7AD118D35E18001892AA /* en */,
			);
			name = InfoPlist.strings;
			sourceTree = "<group>";
		};
		2E7A7AD918D35E18001892AA /* Main.storyboard */ = {
			isa = PBXVariantGroup;
			children = (
				2E7A7ADA18D35E18001892AA /* Base */,
			);
			name = Main.storyboard;
			sourceTree = "<group>";
		};
		2E7A7AEF18D35E18001892AA /* InfoPlist.strings */ = {
			isa = PBXVariantGroup;
			children = (
				2E7A7AF018D35E18001892AA /* en */,
			);
			name = InfoPlist.strings;
			sourceTree = "<group>";
		};
/* End PBXVariantGroup section */

/* Begin XCBuildConfiguration section */
		2E7A7AF418D35E18001892AA /* Debug */ = {
			isa = XCBuildConfiguration;
			buildSettings = {
				ALWAYS_SEARCH_USER_PATHS = NO;
				CLANG_CXX_LANGUAGE_STANDARD = "gnu++0x";
				CLANG_CXX_LIBRARY = "libc++";
				CLANG_ENABLE_MODULES = YES;
				CLANG_ENABLE_OBJC_ARC = YES;
				CLANG_WARN_BOOL_CONVERSION = YES;
				CLANG_WARN_CONSTANT_CONVERSION = YES;
				CLANG_WARN_DIRECT_OBJC_ISA_USAGE = YES_ERROR;
				CLANG_WARN_EMPTY_BODY = YES;
				CLANG_WARN_ENUM_CONVERSION = YES;
				CLANG_WARN_INT_CONVERSION = YES;
				CLANG_WARN_OBJC_ROOT_CLASS = YES_ERROR;
				CLANG_WARN__DUPLICATE_METHOD_MATCH = YES;
				"CODE_SIGN_IDENTITY[sdk=iphoneos*]" = "iPhone Developer";
				COPY_PHASE_STRIP = NO;
				GCC_C_LANGUAGE_STANDARD = gnu99;
				GCC_DYNAMIC_NO_PIC = NO;
				GCC_OPTIMIZATION_LEVEL = 0;
				GCC_PREPROCESSOR_DEFINITIONS = (
					"DEBUG=1",
					"$(inherited)",
				);
				GCC_SYMBOLS_PRIVATE_EXTERN = NO;
				GCC_WARN_64_TO_32_BIT_CONVERSION = YES;
				GCC_WARN_ABOUT_RETURN_TYPE = YES_ERROR;
				GCC_WARN_UNDECLARED_SELECTOR = YES;
				GCC_WARN_UNINITIALIZED_AUTOS = YES;
				GCC_WARN_UNUSED_FUNCTION = YES;
				GCC_WARN_UNUSED_VARIABLE = YES;
				IPHONEOS_DEPLOYMENT_TARGET = 7.0;
				ONLY_ACTIVE_ARCH = YES;
				SDKROOT = iphoneos;
			};
			name = Debug;
		};
		2E7A7AF518D35E18001892AA /* Release */ = {
			isa = XCBuildConfiguration;
			buildSettings = {
				ALWAYS_SEARCH_USER_PATHS = NO;
				CLANG_CXX_LANGUAGE_STANDARD = "gnu++0x";
				CLANG_CXX_LIBRARY = "libc++";
				CLANG_ENABLE_MODULES = YES;
				CLANG_ENABLE_OBJC_ARC = YES;
				CLANG_WARN_BOOL_CONVERSION = YES;
				CLANG_WARN_CONSTANT_CONVERSION = YES;
				CLANG_WARN_DIRECT_OBJC_ISA_USAGE = YES_ERROR;
				CLANG_WARN_EMPTY_BODY = YES;
				CLANG_WARN_ENUM_CONVERSION = YES;
				CLANG_WARN_INT_CONVERSION = YES;
				CLANG_WARN_OBJC_ROOT_CLASS = YES_ERROR;
				CLANG_WARN__DUPLICATE_METHOD_MATCH = YES;
				"CODE_SIGN_IDENTITY[sdk=iphoneos*]" = "iPhone Developer";
				COPY_PHASE_STRIP = YES;
				ENABLE_NS_ASSERTIONS = NO;
				GCC_C_LANGUAGE_STANDARD = gnu99;
				GCC_WARN_64_TO_32_BIT_CONVERSION = YES;
				GCC_WARN_ABOUT_RETURN_TYPE = YES_ERROR;
				GCC_WARN_UNDECLARED_SELECTOR = YES;
				GCC_WARN_UNINITIALIZED_AUTOS = YES;
				GCC_WARN_UNUSED_FUNCTION = YES;
				GCC_WARN_UNUSED_VARIABLE = YES;
				IPHONEOS_DEPLOYMENT_TARGET = 7.0;
				SDKROOT = iphoneos;
				VALIDATE_PRODUCT = YES;
			};
			name = Release;
		};
		2E7A7AF718D35E18001892AA /* Debug */ = {
			isa = XCBuildConfiguration;
			buildSettings = {
				ASSETCATALOG_COMPILER_APPICON_NAME = AppIcon;
				ASSETCATALOG_COMPILER_LAUNCHIMAGE_NAME = LaunchImage;
				GCC_PRECOMPILE_PREFIX_HEADER = YES;
				GCC_PREFIX_HEADER = "musicVisualizedV.2/musicVisualizedV.2-Prefix.pch";
				INFOPLIST_FILE = "musicVisualizedV.2/musicVisualizedV.2-Info.plist";
				PRODUCT_NAME = "$(TARGET_NAME)";
				WRAPPER_EXTENSION = app;
			};
			name = Debug;
		};
		2E7A7AF818D35E18001892AA /* Release */ = {
			isa = XCBuildConfiguration;
			buildSettings = {
				ASSETCATALOG_COMPILER_APPICON_NAME = AppIcon;
				ASSETCATALOG_COMPILER_LAUNCHIMAGE_NAME = LaunchImage;
				GCC_PRECOMPILE_PREFIX_HEADER = YES;
				GCC_PREFIX_HEADER = "musicVisualizedV.2/musicVisualizedV.2-Prefix.pch";
				INFOPLIST_FILE = "musicVisualizedV.2/musicVisualizedV.2-Info.plist";
				PRODUCT_NAME = "$(TARGET_NAME)";
				WRAPPER_EXTENSION = app;
			};
			name = Release;
		};
		2E7A7AFA18D35E18001892AA /* Debug */ = {
			isa = XCBuildConfiguration;
			buildSettings = {
				BUNDLE_LOADER = "$(BUILT_PRODUCTS_DIR)/musicVisualizedV.2.app/musicVisualizedV.2";
				FRAMEWORK_SEARCH_PATHS = (
					"$(SDKROOT)/Developer/Library/Frameworks",
					"$(inherited)",
					"$(DEVELOPER_FRAMEWORKS_DIR)",
				);
				GCC_PRECOMPILE_PREFIX_HEADER = YES;
				GCC_PREFIX_HEADER = "musicVisualizedV.2/musicVisualizedV.2-Prefix.pch";
				GCC_PREPROCESSOR_DEFINITIONS = (
					"DEBUG=1",
					"$(inherited)",
				);
				INFOPLIST_FILE = "musicVisualizedV.2Tests/musicVisualizedV.2Tests-Info.plist";
				PRODUCT_NAME = "$(TARGET_NAME)";
				TEST_HOST = "$(BUNDLE_LOADER)";
				WRAPPER_EXTENSION = xctest;
			};
			name = Debug;
		};
		2E7A7AFB18D35E18001892AA /* Release */ = {
			isa = XCBuildConfiguration;
			buildSettings = {
				BUNDLE_LOADER = "$(BUILT_PRODUCTS_DIR)/musicVisualizedV.2.app/musicVisualizedV.2";
				FRAMEWORK_SEARCH_PATHS = (
					"$(SDKROOT)/Developer/Library/Frameworks",
					"$(inherited)",
					"$(DEVELOPER_FRAMEWORKS_DIR)",
				);
				GCC_PRECOMPILE_PREFIX_HEADER = YES;
				GCC_PREFIX_HEADER = "musicVisualizedV.2/musicVisualizedV.2-Prefix.pch";
				INFOPLIST_FILE = "musicVisualizedV.2Tests/musicVisualizedV.2Tests-Info.plist";
				PRODUCT_NAME = "$(TARGET_NAME)";
				TEST_HOST = "$(BUNDLE_LOADER)";
				WRAPPER_EXTENSION = xctest;
			};
			name = Release;
		};
/* End XCBuildConfiguration section */

/* Begin XCConfigurationList section */
		2E7A7ABF18D35E18001892AA /* Build configuration list for PBXProject "musicVisualizedV.2" */ = {
			isa = XCConfigurationList;
			buildConfigurations = (
				2E7A7AF418D35E18001892AA /* Debug */,
				2E7A7AF518D35E18001892AA /* Release */,
			);
			defaultConfigurationIsVisible = 0;
			defaultConfigurationName = Release;
		};
		2E7A7AF618D35E18001892AA /* Build configuration list for PBXNativeTarget "musicVisualizedV.2" */ = {
			isa = XCConfigurationList;
			buildConfigurations = (
				2E7A7AF718D35E18001892AA /* Debug */,
				2E7A7AF818D35E18001892AA /* Release */,
			);
			defaultConfigurationIsVisible = 0;
			defaultConfigurationName = Release;
		};
		2E7A7AF918D35E18001892AA /* Build configuration list for PBXNativeTarget "musicVisualizedV.2Tests" */ = {
			isa = XCConfigurationList;
			buildConfigurations = (
				2E7A7AFA18D35E18001892AA /* Debug */,
				2E7A7AFB18D35E18001892AA /* Release */,
			);
			defaultConfigurationIsVisible = 0;
			defaultConfigurationName = Release;
		};
/* End XCConfigurationList section */
	};
	rootObject = 2E7A7ABC18D35E18001892AA /* Project object */;
}
